
Microsoft Visual Studio Solution File, Format Version 12.00
# Visual Studio Version 16
VisualStudioVersion = 16.0.28922.388
MinimumVisualStudioVersion = 10.0.40219.1
Project("{FAE04EC0-301F-11D3-BF4B-00C04F79EFBC}") = "eLifeMobile.Android", "eLifeMobile\eLifeMobile.Android\eLifeMobile.Android.csproj", "{36220D53-6575-4C74-A554-42E7B277613C}"
EndProject
Project("{FAE04EC0-301F-11D3-BF4B-00C04F79EFBC}") = "eLifeMobile.iOS", "eLifeMobile\eLifeMobile.iOS\eLifeMobile.iOS.csproj", "{9657DCE1-EA9B-4262-A3B7-32FE64F778F7}"
EndProject
Project("{FAE04EC0-301F-11D3-BF4B-00C04F79EFBC}") = "eLifeMobile", "eLifeMobile\eLifeMobile\eLifeMobile.csproj", "{905A4097-AD5D-4AB0-861F-7B13371DA21B}"
EndProject
Global
	GlobalSection(SolutionConfigurationPlatforms) = preSolution
		Debug|Any CPU = Debug|Any CPU
		Debug|iPhone = Debug|iPhone
		Debug|iPhoneSimulator = Debug|iPhoneSimulator
		Release|Any CPU = Release|Any CPU
		Release|iPhone = Release|iPhone
		Release|iPhoneSimulator = Release|iPhoneSimulator
	EndGlobalSection
	GlobalSection(ProjectConfigurationPlatforms) = postSolution
		{36220D53-6575-4C74-A554-42E7B277613C}.Debug|Any CPU.ActiveCfg = Debug|Any CPU
		{36220D53-6575-4C74-A554-42E7B277613C}.Debug|Any CPU.Build.0 = Debug|Any CPU
		{36220D53-6575-4C74-A554-42E7B277613C}.Debug|Any CPU.Deploy.0 = Debug|Any CPU
		{36220D53-6575-4C74-A554-42E7B277613C}.Debug|iPhone.ActiveCfg = Debug|Any CPU
		{36220D53-6575-4C74-A554-42E7B277613C}.Debug|iPhone.Build.0 = Debug|Any CPU
		{36220D53-6575-4C74-A554-42E7B277613C}.Debug|iPhone.Deploy.0 = Debug|Any CPU
		{36220D53-6575-4C74-A554-42E7B277613C}.Debug|iPhoneSimulator.ActiveCfg = Debug|Any CPU
		{36220D53-6575-4C74-A554-42E7B277613C}.Debug|iPhoneSimulator.Build.0 = Debug|Any CPU
		{36220D53-6575-4C74-A554-42E7B277613C}.Debug|iPhoneSimulator.Deploy.0 = Debug|Any CPU
		{36220D53-6575-4C74-A554-42E7B277613C}.Release|Any CPU.ActiveCfg = Release|Any CPU
		{36220D53-6575-4C74-A554-42E7B277613C}.Release|Any CPU.Build.0 = Release|Any CPU
		{36220D53-6575-4C74-A554-42E7B277613C}.Release|Any CPU.Deploy.0 = Release|Any CPU
		{36220D53-6575-4C74-A554-42E7B277613C}.Release|iPhone.ActiveCfg = Release|Any CPU
		{36220D53-6575-4C74-A554-42E7B277613C}.Release|iPhone.Build.0 = Release|Any CPU
		{36220D53-6575-4C74-A554-42E7B277613C}.Release|iPhone.Deploy.0 = Release|Any CPU
		{36220D53-6575-4C74-A554-42E7B277613C}.Release|iPhoneSimulator.ActiveCfg = Release|Any CPU
		{36220D53-6575-4C74-A554-42E7B277613C}.Release|iPhoneSimulator.Build.0 = Release|Any CPU
		{36220D53-6575-4C74-A554-42E7B277613C}.Release|iPhoneSimulator.Deploy.0 = Release|Any CPU
		{9657DCE1-EA9B-4262-A3B7-32FE64F778F7}.Debug|Any CPU.ActiveCfg = Debug|iPhoneSimulator
		{9657DCE1-EA9B-4262-A3B7-32FE64F778F7}.Debug|Any CPU.Build.0 = Debug|iPhoneSimulator
		{9657DCE1-EA9B-4262-A3B7-32FE64F778F7}.Debug|Any CPU.Deploy.0 = Debug|iPhoneSimulator
		{9657DCE1-EA9B-4262-A3B7-32FE64F778F7}.Debug|iPhone.ActiveCfg = Debug|iPhone
		{9657DCE1-EA9B-4262-A3B7-32FE64F778F7}.Debug|iPhone.Build.0 = Debug|iPhone
		{9657DCE1-EA9B-4262-A3B7-32FE64F778F7}.Debug|iPhone.Deploy.0 = Debug|iPhone
		{9657DCE1-EA9B-4262-A3B7-32FE64F778F7}.Debug|iPhoneSimulator.ActiveCfg = Debug|iPhoneSimulator
		{9657DCE1-EA9B-4262-A3B7-32FE64F778F7}.Debug|iPhoneSimulator.Build.0 = Debug|iPhoneSimulator
		{9657DCE1-EA9B-4262-A3B7-32FE64F778F7}.Debug|iPhoneSimulator.Deploy.0 = Debug|iPhoneSimulator
		{9657DCE1-EA9B-4262-A3B7-32FE64F778F7}.Release|Any CPU.ActiveCfg = Release|iPhone
		{9657DCE1-EA9B-4262-A3B7-32FE64F778F7}.Release|Any CPU.Build.0 = Release|iPhone
		{9657DCE1-EA9B-4262-A3B7-32FE64F778F7}.Release|Any CPU.Deploy.0 = Release|iPhone
		{9657DCE1-EA9B-4262-A3B7-32FE64F778F7}.Release|iPhone.ActiveCfg = Release|iPhone
		{9657DCE1-EA9B-4262-A3B7-32FE64F778F7}.Release|iPhone.Build.0 = Release|iPhone
		{9657DCE1-EA9B-4262-A3B7-32FE64F778F7}.Release|iPhone.Deploy.0 = Release|iPhone
		{9657DCE1-EA9B-4262-A3B7-32FE64F778F7}.Release|iPhoneSimulator.ActiveCfg = Release|iPhoneSimulator
		{9657DCE1-EA9B-4262-A3B7-32FE64F778F7}.Release|iPhoneSimulator.Build.0 = Release|iPhoneSimulator
		{9657DCE1-EA9B-4262-A3B7-32FE64F778F7}.Release|iPhoneSimulator.Deploy.0 = Release|iPhoneSimulator
		{905A4097-AD5D-4AB0-861F-7B13371DA21B}.Debug|Any CPU.ActiveCfg = Debug|Any CPU
		{905A4097-AD5D-4AB0-861F-7B13371DA21B}.Debug|Any CPU.Build.0 = Debug|Any CPU
		{905A4097-AD5D-4AB0-861F-7B13371DA21B}.Debug|Any CPU.Deploy.0 = Debug|Any CPU
		{905A4097-AD5D-4AB0-861F-7B13371DA21B}.Debug|iPhone.ActiveCfg = Debug|Any CPU
		{905A4097-AD5D-4AB0-861F-7B13371DA21B}.Debug|iPhone.Build.0 = Debug|Any CPU
		{905A4097-AD5D-4AB0-861F-7B13371DA21B}.Debug|iPhone.Deploy.0 = Debug|Any CPU
		{905A4097-AD5D-4AB0-861F-7B13371DA21B}.Debug|iPhoneSimulator.ActiveCfg = Debug|Any CPU
		{905A4097-AD5D-4AB0-861F-7B13371DA21B}.Debug|iPhoneSimulator.Build.0 = Debug|Any CPU
		{905A4097-AD5D-4AB0-861F-7B13371DA21B}.Debug|iPhoneSimulator.Deploy.0 = Debug|Any CPU
		{905A4097-AD5D-4AB0-861F-7B13371DA21B}.Release|Any CPU.ActiveCfg = Release|Any CPU
		{905A4097-AD5D-4AB0-861F-7B13371DA21B}.Release|Any CPU.Build.0 = Release|Any CPU
		{905A4097-AD5D-4AB0-861F-7B13371DA21B}.Release|Any CPU.Deploy.0 = Release|Any CPU
		{905A4097-AD5D-4AB0-861F-7B13371DA21B}.Release|iPhone.ActiveCfg = Release|Any CPU
		{905A4097-AD5D-4AB0-861F-7B13371DA21B}.Release|iPhone.Build.0 = Release|Any CPU
		{905A4097-AD5D-4AB0-861F-7B13371DA21B}.Release|iPhone.Deploy.0 = Release|Any CPU
		{905A4097-AD5D-4AB0-861F-7B13371DA21B}.Release|iPhoneSimulator.ActiveCfg = Release|Any CPU
		{905A4097-AD5D-4AB0-861F-7B13371DA21B}.Release|iPhoneSimulator.Build.0 = Release|Any CPU
		{905A4097-AD5D-4AB0-861F-7B13371DA21B}.Release|iPhoneSimulator.Deploy.0 = Release|Any CPU
	EndGlobalSection
	GlobalSection(SolutionProperties) = preSolution
		HideSolutionNode = FALSE
	EndGlobalSection
	GlobalSection(ExtensibilityGlobals) = postSolution
		SolutionGuid = {A946E0DC-6838-4B2D-9A63-30AE376FA5EE}
	EndGlobalSection
EndGlobal
